// !$*UTF8*$!
{
	archiveVersion = 1;
	classes = {
	};
	objectVersion = 56;
	objects = {

/* Begin PBXBuildFile section */
		6644D3DA2C5A7B7C00C69B8A /* AffirmationsAppApp.swift in Sources */ = {isa = PBXBuildFile; fileRef = 6644D3D92C5A7B7C00C69B8A /* AffirmationsAppApp.swift */; };
		6644D3DC2C5A7B7C00C69B8A /* ContentView.swift in Sources */ = {isa = PBXBuildFile; fileRef = 6644D3DB2C5A7B7C00C69B8A /* ContentView.swift */; };
		6644D3DE2C5A7B7D00C69B8A /* Assets.xcassets in Resources */ = {isa = PBXBuildFile; fileRef = 6644D3DD2C5A7B7D00C69B8A /* Assets.xcassets */; };
		6644D3E22C5A7B7D00C69B8A /* Preview Assets.xcassets in Resources */ = {isa = PBXBuildFile; fileRef = 6644D3E12C5A7B7D00C69B8A /* Preview Assets.xcassets */; };
		6644D3EC2C5A7B7D00C69B8A /* AffirmationsAppTests.swift in Sources */ = {isa = PBXBuildFile; fileRef = 6644D3EB2C5A7B7D00C69B8A /* AffirmationsAppTests.swift */; };
		6644D3F62C5A7B7D00C69B8A /* AffirmationsAppUITests.swift in Sources */ = {isa = PBXBuildFile; fileRef = 6644D3F52C5A7B7D00C69B8A /* AffirmationsAppUITests.swift */; };
		6644D3F82C5A7B7D00C69B8A /* AffirmationsAppUITestsLaunchTests.swift in Sources */ = {isa = PBXBuildFile; fileRef = 6644D3F72C5A7B7D00C69B8A /* AffirmationsAppUITestsLaunchTests.swift */; };
		669DB5A02C5B4817001573BC /* Category.swift in Sources */ = {isa = PBXBuildFile; fileRef = 669DB59F2C5B4817001573BC /* Category.swift */; };
		669DB5A22C5B4841001573BC /* Affirmation.swift in Sources */ = {isa = PBXBuildFile; fileRef = 669DB5A12C5B4841001573BC /* Affirmation.swift */; };
		669DB5A42C5B488C001573BC /* AppDatabase.swift in Sources */ = {isa = PBXBuildFile; fileRef = 669DB5A32C5B488C001573BC /* AppDatabase.swift */; };
		669DB5A62C5B48A1001573BC /* Persistance.swift in Sources */ = {isa = PBXBuildFile; fileRef = 669DB5A52C5B48A1001573BC /* Persistance.swift */; };
		669DB5A82C5B4948001573BC /* Migrator.swift in Sources */ = {isa = PBXBuildFile; fileRef = 669DB5A72C5B4948001573BC /* Migrator.swift */; };
		669DB5AB2C5B4D53001573BC /* AppDatabaseRepo.swift in Sources */ = {isa = PBXBuildFile; fileRef = 669DB5AA2C5B4D53001573BC /* AppDatabaseRepo.swift */; };
		669DB5AD2C5B5000001573BC /* Defaults.swift in Sources */ = {isa = PBXBuildFile; fileRef = 669DB5AC2C5B5000001573BC /* Defaults.swift */; };
		669DB5AF2C5B5EBB001573BC /* CategoryTranslation.swift in Sources */ = {isa = PBXBuildFile; fileRef = 669DB5AE2C5B5EBB001573BC /* CategoryTranslation.swift */; };
		669DB5B12C5B5F07001573BC /* AffirmationTranslation.swift in Sources */ = {isa = PBXBuildFile; fileRef = 669DB5B02C5B5F07001573BC /* AffirmationTranslation.swift */; };
		669DB5B32C5B5F64001573BC /* CategoryWithTranslation.swift in Sources */ = {isa = PBXBuildFile; fileRef = 669DB5B22C5B5F64001573BC /* CategoryWithTranslation.swift */; };
		669DB5B52C5B5F91001573BC /* AffirmationWithTranslation.swift in Sources */ = {isa = PBXBuildFile; fileRef = 669DB5B42C5B5F91001573BC /* AffirmationWithTranslation.swift */; };
		669DB5BD2C5B7338001573BC /* MockDataHelper.swift in Sources */ = {isa = PBXBuildFile; fileRef = 669DB5BC2C5B7338001573BC /* MockDataHelper.swift */; };
		669DB5C32C5BA71E001573BC /* GRDB in Frameworks */ = {isa = PBXBuildFile; productRef = 669DB5C22C5BA71E001573BC /* GRDB */; };
/* End PBXBuildFile section */

/* Begin PBXContainerItemProxy section */
		6644D3E82C5A7B7D00C69B8A /* PBXContainerItemProxy */ = {
			isa = PBXContainerItemProxy;
			containerPortal = 6644D3CE2C5A7B7B00C69B8A /* Project object */;
			proxyType = 1;
			remoteGlobalIDString = 6644D3D52C5A7B7C00C69B8A;
			remoteInfo = AffirmationsApp;
		};
		6644D3F22C5A7B7D00C69B8A /* PBXContainerItemProxy */ = {
			isa = PBXContainerItemProxy;
			containerPortal = 6644D3CE2C5A7B7B00C69B8A /* Project object */;
			proxyType = 1;
			remoteGlobalIDString = 6644D3D52C5A7B7C00C69B8A;
			remoteInfo = AffirmationsApp;
		};
/* End PBXContainerItemProxy section */

/* Begin PBXFileReference section */
		6644D3D62C5A7B7C00C69B8A /* AffirmationsApp.app */ = {isa = PBXFileReference; explicitFileType = wrapper.application; includeInIndex = 0; path = AffirmationsApp.app; sourceTree = BUILT_PRODUCTS_DIR; };
		6644D3D92C5A7B7C00C69B8A /* AffirmationsAppApp.swift */ = {isa = PBXFileReference; lastKnownFileType = sourcecode.swift; path = AffirmationsAppApp.swift; sourceTree = "<group>"; };
		6644D3DB2C5A7B7C00C69B8A /* ContentView.swift */ = {isa = PBXFileReference; lastKnownFileType = sourcecode.swift; path = ContentView.swift; sourceTree = "<group>"; };
		6644D3DD2C5A7B7D00C69B8A /* Assets.xcassets */ = {isa = PBXFileReference; lastKnownFileType = folder.assetcatalog; path = Assets.xcassets; sourceTree = "<group>"; };
		6644D3DF2C5A7B7D00C69B8A /* AffirmationsApp.entitlements */ = {isa = PBXFileReference; lastKnownFileType = text.plist.entitlements; path = AffirmationsApp.entitlements; sourceTree = "<group>"; };
		6644D3E12C5A7B7D00C69B8A /* Preview Assets.xcassets */ = {isa = PBXFileReference; lastKnownFileType = folder.assetcatalog; path = "Preview Assets.xcassets"; sourceTree = "<group>"; };
		6644D3E72C5A7B7D00C69B8A /* AffirmationsAppTests.xctest */ = {isa = PBXFileReference; explicitFileType = wrapper.cfbundle; includeInIndex = 0; path = AffirmationsAppTests.xctest; sourceTree = BUILT_PRODUCTS_DIR; };
		6644D3EB2C5A7B7D00C69B8A /* AffirmationsAppTests.swift */ = {isa = PBXFileReference; lastKnownFileType = sourcecode.swift; path = AffirmationsAppTests.swift; sourceTree = "<group>"; };
		6644D3F12C5A7B7D00C69B8A /* AffirmationsAppUITests.xctest */ = {isa = PBXFileReference; explicitFileType = wrapper.cfbundle; includeInIndex = 0; path = AffirmationsAppUITests.xctest; sourceTree = BUILT_PRODUCTS_DIR; };
		6644D3F52C5A7B7D00C69B8A /* AffirmationsAppUITests.swift */ = {isa = PBXFileReference; lastKnownFileType = sourcecode.swift; path = AffirmationsAppUITests.swift; sourceTree = "<group>"; };
		6644D3F72C5A7B7D00C69B8A /* AffirmationsAppUITestsLaunchTests.swift */ = {isa = PBXFileReference; lastKnownFileType = sourcecode.swift; path = AffirmationsAppUITestsLaunchTests.swift; sourceTree = "<group>"; };
		669DB59F2C5B4817001573BC /* Category.swift */ = {isa = PBXFileReference; lastKnownFileType = sourcecode.swift; path = Category.swift; sourceTree = "<group>"; };
		669DB5A12C5B4841001573BC /* Affirmation.swift */ = {isa = PBXFileReference; lastKnownFileType = sourcecode.swift; path = Affirmation.swift; sourceTree = "<group>"; };
		669DB5A32C5B488C001573BC /* AppDatabase.swift */ = {isa = PBXFileReference; lastKnownFileType = sourcecode.swift; path = AppDatabase.swift; sourceTree = "<group>"; };
		669DB5A52C5B48A1001573BC /* Persistance.swift */ = {isa = PBXFileReference; lastKnownFileType = sourcecode.swift; path = Persistance.swift; sourceTree = "<group>"; };
		669DB5A72C5B4948001573BC /* Migrator.swift */ = {isa = PBXFileReference; lastKnownFileType = sourcecode.swift; path = Migrator.swift; sourceTree = "<group>"; };
		669DB5AA2C5B4D53001573BC /* AppDatabaseRepo.swift */ = {isa = PBXFileReference; lastKnownFileType = sourcecode.swift; path = AppDatabaseRepo.swift; sourceTree = "<group>"; };
		669DB5AC2C5B5000001573BC /* Defaults.swift */ = {isa = PBXFileReference; lastKnownFileType = sourcecode.swift; path = Defaults.swift; sourceTree = "<group>"; };
		669DB5AE2C5B5EBB001573BC /* CategoryTranslation.swift */ = {isa = PBXFileReference; lastKnownFileType = sourcecode.swift; path = CategoryTranslation.swift; sourceTree = "<group>"; };
		669DB5B02C5B5F07001573BC /* AffirmationTranslation.swift */ = {isa = PBXFileReference; lastKnownFileType = sourcecode.swift; path = AffirmationTranslation.swift; sourceTree = "<group>"; };
		669DB5B22C5B5F64001573BC /* CategoryWithTranslation.swift */ = {isa = PBXFileReference; lastKnownFileType = sourcecode.swift; path = CategoryWithTranslation.swift; sourceTree = "<group>"; };
		669DB5B42C5B5F91001573BC /* AffirmationWithTranslation.swift */ = {isa = PBXFileReference; lastKnownFileType = sourcecode.swift; path = AffirmationWithTranslation.swift; sourceTree = "<group>"; };
		669DB5BC2C5B7338001573BC /* MockDataHelper.swift */ = {isa = PBXFileReference; lastKnownFileType = sourcecode.swift; path = MockDataHelper.swift; sourceTree = "<group>"; };
/* End PBXFileReference section */

/* Begin PBXFrameworksBuildPhase section */
		6644D3D32C5A7B7C00C69B8A /* Frameworks */ = {
			isa = PBXFrameworksBuildPhase;
			buildActionMask = 2147483647;
			files = (
				669DB5C32C5BA71E001573BC /* GRDB in Frameworks */,
			);
			runOnlyForDeploymentPostprocessing = 0;
		};
		6644D3E42C5A7B7D00C69B8A /* Frameworks */ = {
			isa = PBXFrameworksBuildPhase;
			buildActionMask = 2147483647;
			files = (
			);
			runOnlyForDeploymentPostprocessing = 0;
		};
		6644D3EE2C5A7B7D00C69B8A /* Frameworks */ = {
			isa = PBXFrameworksBuildPhase;
			buildActionMask = 2147483647;
			files = (
			);
			runOnlyForDeploymentPostprocessing = 0;
		};
/* End PBXFrameworksBuildPhase section */

/* Begin PBXGroup section */
		6644D3CD2C5A7B7B00C69B8A = {
			isa = PBXGroup;
			children = (
				6644D3D82C5A7B7C00C69B8A /* AffirmationsApp */,
				6644D3EA2C5A7B7D00C69B8A /* AffirmationsAppTests */,
				6644D3F42C5A7B7D00C69B8A /* AffirmationsAppUITests */,
				6644D3D72C5A7B7C00C69B8A /* Products */,
			);
			sourceTree = "<group>";
		};
		6644D3D72C5A7B7C00C69B8A /* Products */ = {
			isa = PBXGroup;
			children = (
				6644D3D62C5A7B7C00C69B8A /* AffirmationsApp.app */,
				6644D3E72C5A7B7D00C69B8A /* AffirmationsAppTests.xctest */,
				6644D3F12C5A7B7D00C69B8A /* AffirmationsAppUITests.xctest */,
			);
			name = Products;
			sourceTree = "<group>";
		};
		6644D3D82C5A7B7C00C69B8A /* AffirmationsApp */ = {
			isa = PBXGroup;
			children = (
				669DB59B2C5B478B001573BC /* Core */,
				669DB59C2C5B4796001573BC /* Data */,
				669DB59D2C5B479E001573BC /* Domain */,
				669DB59E2C5B47A8001573BC /* Presentation */,
				6644D3DD2C5A7B7D00C69B8A /* Assets.xcassets */,
				6644D3DF2C5A7B7D00C69B8A /* AffirmationsApp.entitlements */,
				6644D3E02C5A7B7D00C69B8A /* Preview Content */,
			);
			path = AffirmationsApp;
			sourceTree = "<group>";
		};
		6644D3E02C5A7B7D00C69B8A /* Preview Content */ = {
			isa = PBXGroup;
			children = (
				6644D3E12C5A7B7D00C69B8A /* Preview Assets.xcassets */,
			);
			path = "Preview Content";
			sourceTree = "<group>";
		};
		6644D3EA2C5A7B7D00C69B8A /* AffirmationsAppTests */ = {
			isa = PBXGroup;
			children = (
				6644D3EB2C5A7B7D00C69B8A /* AffirmationsAppTests.swift */,
			);
			path = AffirmationsAppTests;
			sourceTree = "<group>";
		};
		6644D3F42C5A7B7D00C69B8A /* AffirmationsAppUITests */ = {
			isa = PBXGroup;
			children = (
				6644D3F52C5A7B7D00C69B8A /* AffirmationsAppUITests.swift */,
				6644D3F72C5A7B7D00C69B8A /* AffirmationsAppUITestsLaunchTests.swift */,
			);
			path = AffirmationsAppUITests;
			sourceTree = "<group>";
		};
		669DB59B2C5B478B001573BC /* Core */ = {
			isa = PBXGroup;
			children = (
				669DB5AC2C5B5000001573BC /* Defaults.swift */,
				669DB59F2C5B4817001573BC /* Category.swift */,
				669DB5A12C5B4841001573BC /* Affirmation.swift */,
				669DB5AE2C5B5EBB001573BC /* CategoryTranslation.swift */,
				669DB5B02C5B5F07001573BC /* AffirmationTranslation.swift */,
				669DB5B22C5B5F64001573BC /* CategoryWithTranslation.swift */,
				669DB5B42C5B5F91001573BC /* AffirmationWithTranslation.swift */,
			);
			path = Core;
			sourceTree = "<group>";
		};
		669DB59C2C5B4796001573BC /* Data */ = {
			isa = PBXGroup;
			children = (
				669DB5A92C5B4D0E001573BC /* DB */,
			);
			path = Data;
			sourceTree = "<group>";
		};
		669DB59D2C5B479E001573BC /* Domain */ = {
			isa = PBXGroup;
			children = (
				669DB5AA2C5B4D53001573BC /* AppDatabaseRepo.swift */,
				669DB5BC2C5B7338001573BC /* MockDataHelper.swift */,
			);
			path = Domain;
			sourceTree = "<group>";
		};
		669DB59E2C5B47A8001573BC /* Presentation */ = {
			isa = PBXGroup;
			children = (
				6644D3D92C5A7B7C00C69B8A /* AffirmationsAppApp.swift */,
				6644D3DB2C5A7B7C00C69B8A /* ContentView.swift */,
			);
			path = Presentation;
			sourceTree = "<group>";
		};
		669DB5A92C5B4D0E001573BC /* DB */ = {
			isa = PBXGroup;
			children = (
				669DB5A32C5B488C001573BC /* AppDatabase.swift */,
				669DB5A52C5B48A1001573BC /* Persistance.swift */,
				669DB5A72C5B4948001573BC /* Migrator.swift */,
			);
			path = DB;
			sourceTree = "<group>";
		};
/* End PBXGroup section */

/* Begin PBXNativeTarget section */
		6644D3D52C5A7B7C00C69B8A /* AffirmationsApp */ = {
			isa = PBXNativeTarget;
			buildConfigurationList = 6644D3FB2C5A7B7D00C69B8A /* Build configuration list for PBXNativeTarget "AffirmationsApp" */;
			buildPhases = (
				6644D3D22C5A7B7C00C69B8A /* Sources */,
				6644D3D32C5A7B7C00C69B8A /* Frameworks */,
				6644D3D42C5A7B7C00C69B8A /* Resources */,
			);
			buildRules = (
			);
			dependencies = (
			);
			name = AffirmationsApp;
			packageProductDependencies = (
				669DB5C22C5BA71E001573BC /* GRDB */,
			);
			productName = AffirmationsApp;
			productReference = 6644D3D62C5A7B7C00C69B8A /* AffirmationsApp.app */;
			productType = "com.apple.product-type.application";
		};
		6644D3E62C5A7B7D00C69B8A /* AffirmationsAppTests */ = {
			isa = PBXNativeTarget;
			buildConfigurationList = 6644D3FE2C5A7B7D00C69B8A /* Build configuration list for PBXNativeTarget "AffirmationsAppTests" */;
			buildPhases = (
				6644D3E32C5A7B7D00C69B8A /* Sources */,
				6644D3E42C5A7B7D00C69B8A /* Frameworks */,
				6644D3E52C5A7B7D00C69B8A /* Resources */,
			);
			buildRules = (
			);
			dependencies = (
				6644D3E92C5A7B7D00C69B8A /* PBXTargetDependency */,
			);
			name = AffirmationsAppTests;
			productName = AffirmationsAppTests;
			productReference = 6644D3E72C5A7B7D00C69B8A /* AffirmationsAppTests.xctest */;
			productType = "com.apple.product-type.bundle.unit-test";
		};
		6644D3F02C5A7B7D00C69B8A /* AffirmationsAppUITests */ = {
			isa = PBXNativeTarget;
			buildConfigurationList = 6644D4012C5A7B7D00C69B8A /* Build configuration list for PBXNativeTarget "AffirmationsAppUITests" */;
			buildPhases = (
				6644D3ED2C5A7B7D00C69B8A /* Sources */,
				6644D3EE2C5A7B7D00C69B8A /* Frameworks */,
				6644D3EF2C5A7B7D00C69B8A /* Resources */,
			);
			buildRules = (
			);
			dependencies = (
				6644D3F32C5A7B7D00C69B8A /* PBXTargetDependency */,
			);
			name = AffirmationsAppUITests;
			productName = AffirmationsAppUITests;
			productReference = 6644D3F12C5A7B7D00C69B8A /* AffirmationsAppUITests.xctest */;
			productType = "com.apple.product-type.bundle.ui-testing";
		};
/* End PBXNativeTarget section */

/* Begin PBXProject section */
		6644D3CE2C5A7B7B00C69B8A /* Project object */ = {
			isa = PBXProject;
			attributes = {
				BuildIndependentTargetsInParallel = 1;
				LastSwiftUpdateCheck = 1540;
				LastUpgradeCheck = 1540;
				TargetAttributes = {
					6644D3D52C5A7B7C00C69B8A = {
						CreatedOnToolsVersion = 15.4;
					};
					6644D3E62C5A7B7D00C69B8A = {
						CreatedOnToolsVersion = 15.4;
						TestTargetID = 6644D3D52C5A7B7C00C69B8A;
					};
					6644D3F02C5A7B7D00C69B8A = {
						CreatedOnToolsVersion = 15.4;
						TestTargetID = 6644D3D52C5A7B7C00C69B8A;
					};
				};
			};
			buildConfigurationList = 6644D3D12C5A7B7B00C69B8A /* Build configuration list for PBXProject "AffirmationsApp" */;
			compatibilityVersion = "Xcode 14.0";
			developmentRegion = en;
			hasScannedForEncodings = 0;
			knownRegions = (
				en,
				Base,
			);
			mainGroup = 6644D3CD2C5A7B7B00C69B8A;
			packageReferences = (
				669DB5C12C5BA71E001573BC /* XCRemoteSwiftPackageReference "GRDB" */,
			);
			productRefGroup = 6644D3D72C5A7B7C00C69B8A /* Products */;
			projectDirPath = "";
			projectRoot = "";
			targets = (
				6644D3D52C5A7B7C00C69B8A /* AffirmationsApp */,
				6644D3E62C5A7B7D00C69B8A /* AffirmationsAppTests */,
				6644D3F02C5A7B7D00C69B8A /* AffirmationsAppUITests */,
			);
		};
/* End PBXProject section */

/* Begin PBXResourcesBuildPhase section */
		6644D3D42C5A7B7C00C69B8A /* Resources */ = {
			isa = PBXResourcesBuildPhase;
			buildActionMask = 2147483647;
			files = (
				6644D3E22C5A7B7D00C69B8A /* Preview Assets.xcassets in Resources */,
				6644D3DE2C5A7B7D00C69B8A /* Assets.xcassets in Resources */,
			);
			runOnlyForDeploymentPostprocessing = 0;
		};
		6644D3E52C5A7B7D00C69B8A /* Resources */ = {
			isa = PBXResourcesBuildPhase;
			buildActionMask = 2147483647;
			files = (
			);
			runOnlyForDeploymentPostprocessing = 0;
		};
		6644D3EF2C5A7B7D00C69B8A /* Resources */ = {
			isa = PBXResourcesBuildPhase;
			buildActionMask = 2147483647;
			files = (
			);
			runOnlyForDeploymentPostprocessing = 0;
		};
/* End PBXResourcesBuildPhase section */

/* Begin PBXSourcesBuildPhase section */
		6644D3D22C5A7B7C00C69B8A /* Sources */ = {
			isa = PBXSourcesBuildPhase;
			buildActionMask = 2147483647;
			files = (
				669DB5B12C5B5F07001573BC /* AffirmationTranslation.swift in Sources */,
				669DB5B32C5B5F64001573BC /* CategoryWithTranslation.swift in Sources */,
				669DB5AD2C5B5000001573BC /* Defaults.swift in Sources */,
				669DB5A22C5B4841001573BC /* Affirmation.swift in Sources */,
				669DB5B52C5B5F91001573BC /* AffirmationWithTranslation.swift in Sources */,
				6644D3DC2C5A7B7C00C69B8A /* ContentView.swift in Sources */,
				6644D3DA2C5A7B7C00C69B8A /* AffirmationsAppApp.swift in Sources */,
				669DB5A82C5B4948001573BC /* Migrator.swift in Sources */,
				669DB5AB2C5B4D53001573BC /* AppDatabaseRepo.swift in Sources */,
				669DB5A02C5B4817001573BC /* Category.swift in Sources */,
				669DB5A42C5B488C001573BC /* AppDatabase.swift in Sources */,
				669DB5A62C5B48A1001573BC /* Persistance.swift in Sources */,
				669DB5AF2C5B5EBB001573BC /* CategoryTranslation.swift in Sources */,
				669DB5BD2C5B7338001573BC /* MockDataHelper.swift in Sources */,
			);
			runOnlyForDeploymentPostprocessing = 0;
		};
		6644D3E32C5A7B7D00C69B8A /* Sources */ = {
			isa = PBXSourcesBuildPhase;
			buildActionMask = 2147483647;
			files = (
				6644D3EC2C5A7B7D00C69B8A /* AffirmationsAppTests.swift in Sources */,
			);
			runOnlyForDeploymentPostprocessing = 0;
		};
		6644D3ED2C5A7B7D00C69B8A /* Sources */ = {
			isa = PBXSourcesBuildPhase;
			buildActionMask = 2147483647;
			files = (
				6644D3F62C5A7B7D00C69B8A /* AffirmationsAppUITests.swift in Sources */,
				6644D3F82C5A7B7D00C69B8A /* AffirmationsAppUITestsLaunchTests.swift in Sources */,
			);
			runOnlyForDeploymentPostprocessing = 0;
		};
/* End PBXSourcesBuildPhase section */

/* Begin PBXTargetDependency section */
		6644D3E92C5A7B7D00C69B8A /* PBXTargetDependency */ = {
			isa = PBXTargetDependency;
			target = 6644D3D52C5A7B7C00C69B8A /* AffirmationsApp */;
			targetProxy = 6644D3E82C5A7B7D00C69B8A /* PBXContainerItemProxy */;
		};
		6644D3F32C5A7B7D00C69B8A /* PBXTargetDependency */ = {
			isa = PBXTargetDependency;
			target = 6644D3D52C5A7B7C00C69B8A /* AffirmationsApp */;
			targetProxy = 6644D3F22C5A7B7D00C69B8A /* PBXContainerItemProxy */;
		};
/* End PBXTargetDependency section */

/* Begin XCBuildConfiguration section */
		6644D3F92C5A7B7D00C69B8A /* Debug */ = {
			isa = XCBuildConfiguration;
			buildSettings = {
				ALWAYS_SEARCH_USER_PATHS = NO;
				ASSETCATALOG_COMPILER_GENERATE_SWIFT_ASSET_SYMBOL_EXTENSIONS = YES;
				CLANG_ANALYZER_NONNULL = YES;
				CLANG_ANALYZER_NUMBER_OBJECT_CONVERSION = YES_AGGRESSIVE;
				CLANG_CXX_LANGUAGE_STANDARD = "gnu++20";
				CLANG_ENABLE_MODULES = YES;
				CLANG_ENABLE_OBJC_ARC = YES;
				CLANG_ENABLE_OBJC_WEAK = YES;
				CLANG_WARN_BLOCK_CAPTURE_AUTORELEASING = YES;
				CLANG_WARN_BOOL_CONVERSION = YES;
				CLANG_WARN_COMMA = YES;
				CLANG_WARN_CONSTANT_CONVERSION = YES;
				CLANG_WARN_DEPRECATED_OBJC_IMPLEMENTATIONS = YES;
				CLANG_WARN_DIRECT_OBJC_ISA_USAGE = YES_ERROR;
				CLANG_WARN_DOCUMENTATION_COMMENTS = YES;
				CLANG_WARN_EMPTY_BODY = YES;
				CLANG_WARN_ENUM_CONVERSION = YES;
				CLANG_WARN_INFINITE_RECURSION = YES;
				CLANG_WARN_INT_CONVERSION = YES;
				CLANG_WARN_NON_LITERAL_NULL_CONVERSION = YES;
				CLANG_WARN_OBJC_IMPLICIT_RETAIN_SELF = YES;
				CLANG_WARN_OBJC_LITERAL_CONVERSION = YES;
				CLANG_WARN_OBJC_ROOT_CLASS = YES_ERROR;
				CLANG_WARN_QUOTED_INCLUDE_IN_FRAMEWORK_HEADER = YES;
				CLANG_WARN_RANGE_LOOP_ANALYSIS = YES;
				CLANG_WARN_STRICT_PROTOTYPES = YES;
				CLANG_WARN_SUSPICIOUS_MOVE = YES;
				CLANG_WARN_UNGUARDED_AVAILABILITY = YES_AGGRESSIVE;
				CLANG_WARN_UNREACHABLE_CODE = YES;
				CLANG_WARN__DUPLICATE_METHOD_MATCH = YES;
				COPY_PHASE_STRIP = NO;
				DEBUG_INFORMATION_FORMAT = dwarf;
				ENABLE_STRICT_OBJC_MSGSEND = YES;
				ENABLE_TESTABILITY = YES;
				ENABLE_USER_SCRIPT_SANDBOXING = YES;
				GCC_C_LANGUAGE_STANDARD = gnu17;
				GCC_DYNAMIC_NO_PIC = NO;
				GCC_NO_COMMON_BLOCKS = YES;
				GCC_OPTIMIZATION_LEVEL = 0;
				GCC_PREPROCESSOR_DEFINITIONS = (
					"DEBUG=1",
					"$(inherited)",
				);
				GCC_WARN_64_TO_32_BIT_CONVERSION = YES;
				GCC_WARN_ABOUT_RETURN_TYPE = YES_ERROR;
				GCC_WARN_UNDECLARED_SELECTOR = YES;
				GCC_WARN_UNINITIALIZED_AUTOS = YES_AGGRESSIVE;
				GCC_WARN_UNUSED_FUNCTION = YES;
				GCC_WARN_UNUSED_VARIABLE = YES;
				IPHONEOS_DEPLOYMENT_TARGET = 15.0;
				LOCALIZATION_PREFERS_STRING_CATALOGS = YES;
				MACOSX_DEPLOYMENT_TARGET = 12.0;
				MTL_ENABLE_DEBUG_INFO = INCLUDE_SOURCE;
				MTL_FAST_MATH = YES;
				ONLY_ACTIVE_ARCH = YES;
				SWIFT_ACTIVE_COMPILATION_CONDITIONS = "DEBUG $(inherited)";
				SWIFT_OPTIMIZATION_LEVEL = "-Onone";
			};
			name = Debug;
		};
		6644D3FA2C5A7B7D00C69B8A /* Release */ = {
			isa = XCBuildConfiguration;
			buildSettings = {
				ALWAYS_SEARCH_USER_PATHS = NO;
				ASSETCATALOG_COMPILER_GENERATE_SWIFT_ASSET_SYMBOL_EXTENSIONS = YES;
				CLANG_ANALYZER_NONNULL = YES;
				CLANG_ANALYZER_NUMBER_OBJECT_CONVERSION = YES_AGGRESSIVE;
				CLANG_CXX_LANGUAGE_STANDARD = "gnu++20";
				CLANG_ENABLE_MODULES = YES;
				CLANG_ENABLE_OBJC_ARC = YES;
				CLANG_ENABLE_OBJC_WEAK = YES;
				CLANG_WARN_BLOCK_CAPTURE_AUTORELEASING = YES;
				CLANG_WARN_BOOL_CONVERSION = YES;
				CLANG_WARN_COMMA = YES;
				CLANG_WARN_CONSTANT_CONVERSION = YES;
				CLANG_WARN_DEPRECATED_OBJC_IMPLEMENTATIONS = YES;
				CLANG_WARN_DIRECT_OBJC_ISA_USAGE = YES_ERROR;
				CLANG_WARN_DOCUMENTATION_COMMENTS = YES;
				CLANG_WARN_EMPTY_BODY = YES;
				CLANG_WARN_ENUM_CONVERSION = YES;
				CLANG_WARN_INFINITE_RECURSION = YES;
				CLANG_WARN_INT_CONVERSION = YES;
				CLANG_WARN_NON_LITERAL_NULL_CONVERSION = YES;
				CLANG_WARN_OBJC_IMPLICIT_RETAIN_SELF = YES;
				CLANG_WARN_OBJC_LITERAL_CONVERSION = YES;
				CLANG_WARN_OBJC_ROOT_CLASS = YES_ERROR;
				CLANG_WARN_QUOTED_INCLUDE_IN_FRAMEWORK_HEADER = YES;
				CLANG_WARN_RANGE_LOOP_ANALYSIS = YES;
				CLANG_WARN_STRICT_PROTOTYPES = YES;
				CLANG_WARN_SUSPICIOUS_MOVE = YES;
				CLANG_WARN_UNGUARDED_AVAILABILITY = YES_AGGRESSIVE;
				CLANG_WARN_UNREACHABLE_CODE = YES;
				CLANG_WARN__DUPLICATE_METHOD_MATCH = YES;
				COPY_PHASE_STRIP = NO;
				DEBUG_INFORMATION_FORMAT = "dwarf-with-dsym";
				ENABLE_NS_ASSERTIONS = NO;
				ENABLE_STRICT_OBJC_MSGSEND = YES;
				ENABLE_USER_SCRIPT_SANDBOXING = YES;
				GCC_C_LANGUAGE_STANDARD = gnu17;
				GCC_NO_COMMON_BLOCKS = YES;
				GCC_WARN_64_TO_32_BIT_CONVERSION = YES;
				GCC_WARN_ABOUT_RETURN_TYPE = YES_ERROR;
				GCC_WARN_UNDECLARED_SELECTOR = YES;
				GCC_WARN_UNINITIALIZED_AUTOS = YES_AGGRESSIVE;
				GCC_WARN_UNUSED_FUNCTION = YES;
				GCC_WARN_UNUSED_VARIABLE = YES;
				IPHONEOS_DEPLOYMENT_TARGET = 15.0;
				LOCALIZATION_PREFERS_STRING_CATALOGS = YES;
				MACOSX_DEPLOYMENT_TARGET = 12.0;
				MTL_ENABLE_DEBUG_INFO = NO;
				MTL_FAST_MATH = YES;
				SWIFT_COMPILATION_MODE = wholemodule;
			};
			name = Release;
		};
		6644D3FC2C5A7B7D00C69B8A /* Debug */ = {
			isa = XCBuildConfiguration;
			buildSettings = {
				ASSETCATALOG_COMPILER_APPICON_NAME = AppIcon;
				ASSETCATALOG_COMPILER_GLOBAL_ACCENT_COLOR_NAME = AccentColor;
				CODE_SIGN_ENTITLEMENTS = AffirmationsApp/AffirmationsApp.entitlements;
				CODE_SIGN_STYLE = Automatic;
				CURRENT_PROJECT_VERSION = 1;
				DEVELOPMENT_ASSET_PATHS = "\"AffirmationsApp/Preview Content\"";
				DEVELOPMENT_TEAM = 847S254GLW;
				ENABLE_HARDENED_RUNTIME = YES;
				ENABLE_PREVIEWS = YES;
				GENERATE_INFOPLIST_FILE = YES;
				"INFOPLIST_KEY_UIApplicationSceneManifest_Generation[sdk=iphoneos*]" = YES;
				"INFOPLIST_KEY_UIApplicationSceneManifest_Generation[sdk=iphonesimulator*]" = YES;
				"INFOPLIST_KEY_UIApplicationSupportsIndirectInputEvents[sdk=iphoneos*]" = YES;
				"INFOPLIST_KEY_UIApplicationSupportsIndirectInputEvents[sdk=iphonesimulator*]" = YES;
				"INFOPLIST_KEY_UILaunchScreen_Generation[sdk=iphoneos*]" = YES;
				"INFOPLIST_KEY_UILaunchScreen_Generation[sdk=iphonesimulator*]" = YES;
				"INFOPLIST_KEY_UIStatusBarStyle[sdk=iphoneos*]" = UIStatusBarStyleDefault;
				"INFOPLIST_KEY_UIStatusBarStyle[sdk=iphonesimulator*]" = UIStatusBarStyleDefault;
				INFOPLIST_KEY_UISupportedInterfaceOrientations_iPad = "UIInterfaceOrientationPortrait UIInterfaceOrientationPortraitUpsideDown UIInterfaceOrientationLandscapeLeft UIInterfaceOrientationLandscapeRight";
				INFOPLIST_KEY_UISupportedInterfaceOrientations_iPhone = "UIInterfaceOrientationPortrait UIInterfaceOrientationLandscapeLeft UIInterfaceOrientationLandscapeRight";
				IPHONEOS_DEPLOYMENT_TARGET = 15.0;
				LD_RUNPATH_SEARCH_PATHS = "@executable_path/Frameworks";
				"LD_RUNPATH_SEARCH_PATHS[sdk=macosx*]" = "@executable_path/../Frameworks";
				MACOSX_DEPLOYMENT_TARGET = 12.0;
				MARKETING_VERSION = 1.0;
				PRODUCT_BUNDLE_IDENTIFIER = yan.shirin.AffirmationApp;
				PRODUCT_NAME = "$(TARGET_NAME)";
				SDKROOT = auto;
				SUPPORTED_PLATFORMS = "iphoneos iphonesimulator macosx";
				SWIFT_EMIT_LOC_STRINGS = YES;
				SWIFT_VERSION = 5.0;
				TARGETED_DEVICE_FAMILY = "1,2";
			};
			name = Debug;
		};
		6644D3FD2C5A7B7D00C69B8A /* Release */ = {
			isa = XCBuildConfiguration;
			buildSettings = {
				ASSETCATALOG_COMPILER_APPICON_NAME = AppIcon;
				ASSETCATALOG_COMPILER_GLOBAL_ACCENT_COLOR_NAME = AccentColor;
				CODE_SIGN_ENTITLEMENTS = AffirmationsApp/AffirmationsApp.entitlements;
				CODE_SIGN_STYLE = Automatic;
				CURRENT_PROJECT_VERSION = 1;
				DEVELOPMENT_ASSET_PATHS = "\"AffirmationsApp/Preview Content\"";
				DEVELOPMENT_TEAM = 847S254GLW;
				ENABLE_HARDENED_RUNTIME = YES;
				ENABLE_PREVIEWS = YES;
				GENERATE_INFOPLIST_FILE = YES;
				"INFOPLIST_KEY_UIApplicationSceneManifest_Generation[sdk=iphoneos*]" = YES;
				"INFOPLIST_KEY_UIApplicationSceneManifest_Generation[sdk=iphonesimulator*]" = YES;
				"INFOPLIST_KEY_UIApplicationSupportsIndirectInputEvents[sdk=iphoneos*]" = YES;
				"INFOPLIST_KEY_UIApplicationSupportsIndirectInputEvents[sdk=iphonesimulator*]" = YES;
				"INFOPLIST_KEY_UILaunchScreen_Generation[sdk=iphoneos*]" = YES;
				"INFOPLIST_KEY_UILaunchScreen_Generation[sdk=iphonesimulator*]" = YES;
				"INFOPLIST_KEY_UIStatusBarStyle[sdk=iphoneos*]" = UIStatusBarStyleDefault;
				"INFOPLIST_KEY_UIStatusBarStyle[sdk=iphonesimulator*]" = UIStatusBarStyleDefault;
				INFOPLIST_KEY_UISupportedInterfaceOrientations_iPad = "UIInterfaceOrientationPortrait UIInterfaceOrientationPortraitUpsideDown UIInterfaceOrientationLandscapeLeft UIInterfaceOrientationLandscapeRight";
				INFOPLIST_KEY_UISupportedInterfaceOrientations_iPhone = "UIInterfaceOrientationPortrait UIInterfaceOrientationLandscapeLeft UIInterfaceOrientationLandscapeRight";
				IPHONEOS_DEPLOYMENT_TARGET = 15.0;
				LD_RUNPATH_SEARCH_PATHS = "@executable_path/Frameworks";
				"LD_RUNPATH_SEARCH_PATHS[sdk=macosx*]" = "@executable_path/../Frameworks";
				MACOSX_DEPLOYMENT_TARGET = 12.0;
				MARKETING_VERSION = 1.0;
				PRODUCT_BUNDLE_IDENTIFIER = yan.shirin.AffirmationApp;
				PRODUCT_NAME = "$(TARGET_NAME)";
				SDKROOT = auto;
				SUPPORTED_PLATFORMS = "iphoneos iphonesimulator macosx";
				SWIFT_EMIT_LOC_STRINGS = YES;
				SWIFT_VERSION = 5.0;
				TARGETED_DEVICE_FAMILY = "1,2";
			};
			name = Release;
		};
		6644D3FF2C5A7B7D00C69B8A /* Debug */ = {
			isa = XCBuildConfiguration;
			buildSettings = {
				ALWAYS_EMBED_SWIFT_STANDARD_LIBRARIES = YES;
				BUNDLE_LOADER = "$(TEST_HOST)";
				CODE_SIGN_STYLE = Automatic;
				CURRENT_PROJECT_VERSION = 1;
				DEVELOPMENT_TEAM = 3T343GTPL5;
				GENERATE_INFOPLIST_FILE = YES;
				IPHONEOS_DEPLOYMENT_TARGET = 17.5;
				MACOSX_DEPLOYMENT_TARGET = 14.4;
				MARKETING_VERSION = 1.0;
				PRODUCT_BUNDLE_IDENTIFIER = yan.shirin.AffirmationsAppTests;
				PRODUCT_NAME = "$(TARGET_NAME)";
				SDKROOT = auto;
				SUPPORTED_PLATFORMS = "iphoneos iphonesimulator macosx";
				SWIFT_EMIT_LOC_STRINGS = NO;
				SWIFT_VERSION = 5.0;
				TARGETED_DEVICE_FAMILY = "1,2";
				TEST_HOST = "$(BUILT_PRODUCTS_DIR)/AffirmationsApp.app/$(BUNDLE_EXECUTABLE_FOLDER_PATH)/AffirmationsApp";
			};
			name = Debug;
		};
		6644D4002C5A7B7D00C69B8A /* Release */ = {
			isa = XCBuildConfiguration;
			buildSettings = {
				ALWAYS_EMBED_SWIFT_STANDARD_LIBRARIES = YES;
				BUNDLE_LOADER = "$(TEST_HOST)";
				CODE_SIGN_STYLE = Automatic;
				CURRENT_PROJECT_VERSION = 1;
				DEVELOPMENT_TEAM = 3T343GTPL5;
				GENERATE_INFOPLIST_FILE = YES;
				IPHONEOS_DEPLOYMENT_TARGET = 17.5;
				MACOSX_DEPLOYMENT_TARGET = 14.4;
				MARKETING_VERSION = 1.0;
				PRODUCT_BUNDLE_IDENTIFIER = yan.shirin.AffirmationsAppTests;
				PRODUCT_NAME = "$(TARGET_NAME)";
				SDKROOT = auto;
				SUPPORTED_PLATFORMS = "iphoneos iphonesimulator macosx";
				SWIFT_EMIT_LOC_STRINGS = NO;
				SWIFT_VERSION = 5.0;
				TARGETED_DEVICE_FAMILY = "1,2";
				TEST_HOST = "$(BUILT_PRODUCTS_DIR)/AffirmationsApp.app/$(BUNDLE_EXECUTABLE_FOLDER_PATH)/AffirmationsApp";
			};
			name = Release;
		};
		6644D4022C5A7B7D00C69B8A /* Debug */ = {
			isa = XCBuildConfiguration;
			buildSettings = {
				ALWAYS_EMBED_SWIFT_STANDARD_LIBRARIES = YES;
				CODE_SIGN_STYLE = Automatic;
				CURRENT_PROJECT_VERSION = 1;
				DEVELOPMENT_TEAM = 3T343GTPL5;
				GENERATE_INFOPLIST_FILE = YES;
				IPHONEOS_DEPLOYMENT_TARGET = 17.5;
				MACOSX_DEPLOYMENT_TARGET = 14.4;
				MARKETING_VERSION = 1.0;
				PRODUCT_BUNDLE_IDENTIFIER = yan.shirin.AffirmationsAppUITests;
				PRODUCT_NAME = "$(TARGET_NAME)";
				SDKROOT = auto;
				SUPPORTED_PLATFORMS = "iphoneos iphonesimulator macosx";
				SWIFT_EMIT_LOC_STRINGS = NO;
				SWIFT_VERSION = 5.0;
				TARGETED_DEVICE_FAMILY = "1,2";
				TEST_TARGET_NAME = AffirmationsApp;
			};
			name = Debug;
		};
		6644D4032C5A7B7D00C69B8A /* Release */ = {
			isa = XCBuildConfiguration;
			buildSettings = {
				ALWAYS_EMBED_SWIFT_STANDARD_LIBRARIES = YES;
				CODE_SIGN_STYLE = Automatic;
				CURRENT_PROJECT_VERSION = 1;
				DEVELOPMENT_TEAM = 3T343GTPL5;
				GENERATE_INFOPLIST_FILE = YES;
				IPHONEOS_DEPLOYMENT_TARGET = 17.5;
				MACOSX_DEPLOYMENT_TARGET = 14.4;
				MARKETING_VERSION = 1.0;
				PRODUCT_BUNDLE_IDENTIFIER = yan.shirin.AffirmationsAppUITests;
				PRODUCT_NAME = "$(TARGET_NAME)";
				SDKROOT = auto;
				SUPPORTED_PLATFORMS = "iphoneos iphonesimulator macosx";
				SWIFT_EMIT_LOC_STRINGS = NO;
				SWIFT_VERSION = 5.0;
				TARGETED_DEVICE_FAMILY = "1,2";
				TEST_TARGET_NAME = AffirmationsApp;
			};
			name = Release;
		};
/* End XCBuildConfiguration section */

/* Begin XCConfigurationList section */
		6644D3D12C5A7B7B00C69B8A /* Build configuration list for PBXProject "AffirmationsApp" */ = {
			isa = XCConfigurationList;
			buildConfigurations = (
				6644D3F92C5A7B7D00C69B8A /* Debug */,
				6644D3FA2C5A7B7D00C69B8A /* Release */,
			);
			defaultConfigurationIsVisible = 0;
			defaultConfigurationName = Release;
		};
		6644D3FB2C5A7B7D00C69B8A /* Build configuration list for PBXNativeTarget "AffirmationsApp" */ = {
			isa = XCConfigurationList;
			buildConfigurations = (
				6644D3FC2C5A7B7D00C69B8A /* Debug */,
				6644D3FD2C5A7B7D00C69B8A /* Release */,
			);
			defaultConfigurationIsVisible = 0;
			defaultConfigurationName = Release;
		};
		6644D3FE2C5A7B7D00C69B8A /* Build configuration list for PBXNativeTarget "AffirmationsAppTests" */ = {
			isa = XCConfigurationList;
			buildConfigurations = (
				6644D3FF2C5A7B7D00C69B8A /* Debug */,
				6644D4002C5A7B7D00C69B8A /* Release */,
			);
			defaultConfigurationIsVisible = 0;
			defaultConfigurationName = Release;
		};
		6644D4012C5A7B7D00C69B8A /* Build configuration list for PBXNativeTarget "AffirmationsAppUITests" */ = {
			isa = XCConfigurationList;
			buildConfigurations = (
				6644D4022C5A7B7D00C69B8A /* Debug */,
				6644D4032C5A7B7D00C69B8A /* Release */,
			);
			defaultConfigurationIsVisible = 0;
			defaultConfigurationName = Release;
		};
/* End XCConfigurationList section */

/* Begin XCRemoteSwiftPackageReference section */
		669DB5C12C5BA71E001573BC /* XCRemoteSwiftPackageReference "GRDB" */ = {
			isa = XCRemoteSwiftPackageReference;
			repositoryURL = "https://github.com/groue/GRDB.swift";
			requirement = {
				kind = upToNextMajorVersion;
				minimumVersion = 6.0.0;
			};
		};
/* End XCRemoteSwiftPackageReference section */

/* Begin XCSwiftPackageProductDependency section */
		669DB5C22C5BA71E001573BC /* GRDB */ = {
			isa = XCSwiftPackageProductDependency;
			package = 669DB5C12C5BA71E001573BC /* XCRemoteSwiftPackageReference "GRDB" */;
			productName = GRDB;
		};
/* End XCSwiftPackageProductDependency section */
	};
	rootObject = 6644D3CE2C5A7B7B00C69B8A /* Project object */;
}
